
Microsoft Visual Studio Solution File, Format Version 12.00
# Visual Studio Version 17
VisualStudioVersion = 17.2.32505.173
MinimumVisualStudioVersion = 10.0.40219.1
Project("{FAE04EC0-301F-11D3-BF4B-00C04F79EFBC}") = "ImageList", "ImageList\ImageList.csproj", "{F60031DA-6319-4472-BD3C-A4A3FEDA7563}"
EndProject
Global
	GlobalSection(SolutionConfigurationPlatforms) = preSolution
		Debug|Any CPU = Debug|Any CPU
		Release|Any CPU = Release|Any CPU
	EndGlobalSection
	GlobalSection(ProjectConfigurationPlatforms) = postSolution
		{F60031DA-6319-4472-BD3C-A4A3FEDA7563}.Debug|Any CPU.ActiveCfg = Debug|Any CPU
		{F60031DA-6319-4472-BD3C-A4A3FEDA7563}.Debug|Any CPU.Build.0 = Debug|Any CPU
		{F60031DA-6319-4472-BD3C-A4A3FEDA7563}.Release|Any CPU.ActiveCfg = Release|Any CPU
		{F60031DA-6319-4472-BD3C-A4A3FEDA7563}.Release|Any CPU.Build.0 = Release|Any CPU
	EndGlobalSection
	GlobalSection(SolutionProperties) = preSolution
		HideSolutionNode = FALSE
	EndGlobalSection
	GlobalSection(ExtensibilityGlobals) = postSolution
		SolutionGuid = {CD066709-20FC-4FCE-9867-56C7E867DCC4}
	EndGlobalSection
EndGlobal
